
Microsoft Visual Studio Solution File, Format Version 12.00
# Visual Studio Version 17
VisualStudioVersion = 17.1.32228.430
MinimumVisualStudioVersion = 10.0.40219.1
Project("{FAE04EC0-301F-11D3-BF4B-00C04F79EFBC}") = "KRMManagementTree", "KRMManagementTree\KRMManagementTree.csproj", "{586F1438-A893-4332-9E41-1E3C13566EE4}"
EndProject
Project("{FAE04EC0-301F-11D3-BF4B-00C04F79EFBC}") = "ManagementTreeUTest", "ManagementTreeUTest\ManagementTreeUTest.csproj", "{8B26BA1B-AF1F-4EA2-BE23-203A7F775D1B}"
EndProject
Global
	GlobalSection(SolutionConfigurationPlatforms) = preSolution
		Debug|Any CPU = Debug|Any CPU
		Release|Any CPU = Release|Any CPU
	EndGlobalSection
	GlobalSection(ProjectConfigurationPlatforms) = postSolution
		{586F1438-A893-4332-9E41-1E3C13566EE4}.Debug|Any CPU.ActiveCfg = Debug|Any CPU
		{586F1438-A893-4332-9E41-1E3C13566EE4}.Debug|Any CPU.Build.0 = Debug|Any CPU
		{586F1438-A893-4332-9E41-1E3C13566EE4}.Release|Any CPU.ActiveCfg = Release|Any CPU
		{586F1438-A893-4332-9E41-1E3C13566EE4}.Release|Any CPU.Build.0 = Release|Any CPU
		{8B26BA1B-AF1F-4EA2-BE23-203A7F775D1B}.Debug|Any CPU.ActiveCfg = Debug|Any CPU
		{8B26BA1B-AF1F-4EA2-BE23-203A7F775D1B}.Debug|Any CPU.Build.0 = Debug|Any CPU
		{8B26BA1B-AF1F-4EA2-BE23-203A7F775D1B}.Release|Any CPU.ActiveCfg = Release|Any CPU
		{8B26BA1B-AF1F-4EA2-BE23-203A7F775D1B}.Release|Any CPU.Build.0 = Release|Any CPU
	EndGlobalSection
	GlobalSection(SolutionProperties) = preSolution
		HideSolutionNode = FALSE
	EndGlobalSection
	GlobalSection(ExtensibilityGlobals) = postSolution
		SolutionGuid = {DCE2C23A-60EA-4F2F-AF2C-FCFE60BA4518}
	EndGlobalSection
EndGlobal
